
Microsoft Visual Studio Solution File, Format Version 12.00
# Visual Studio 14
VisualStudioVersion = 14.0.25123.0
MinimumVisualStudioVersion = 10.0.40219.1
Project("{FAE04EC0-301F-11D3-BF4B-00C04F79EFBC}") = "ExampleSimple", "Examples\ExampleSimple.csproj", "{24EF8479-0EB3-4633-A172-9782B30125AC}"
EndProject
Project("{FAE04EC0-301F-11D3-BF4B-00C04F79EFBC}") = "Glovebox.IoT.Devices", "Glovebox.IoT.Devices\Glovebox.IoT.Devices.csproj", "{B35564B8-40BC-4508-94C2-F49CAAF91CCA}"
EndProject
Project("{FAE04EC0-301F-11D3-BF4B-00C04F79EFBC}") = "WeatherStation", "WeatherStation\WeatherStation.csproj", "{CF7D1842-3B20-4C0E-9FB7-7DBB487E3213}"
EndProject
Project("{FAE04EC0-301F-11D3-BF4B-00C04F79EFBC}") = "ExplorerHatProSample", "ExplorerHatProSample\ExplorerHatProSample.csproj", "{E2C6BD09-C3B5-4F4F-A046-FAE7AAD25ED7}"
EndProject
Project("{FAE04EC0-301F-11D3-BF4B-00C04F79EFBC}") = "ExplorerHatProAzureIoTHubMqttClient", "AzureIoTHubSample\IoTHubMqttClient\ExplorerHatProAzureIoTHubMqttClient.csproj", "{FB955343-E15F-432B-8C85-E4472EC2EA63}"
EndProject
Global
	GlobalSection(SolutionConfigurationPlatforms) = preSolution
		Debug|Any CPU = Debug|Any CPU
		Debug|ARM = Debug|ARM
		Debug|x64 = Debug|x64
		Debug|x86 = Debug|x86
		Release|Any CPU = Release|Any CPU
		Release|ARM = Release|ARM
		Release|x64 = Release|x64
		Release|x86 = Release|x86
	EndGlobalSection
	GlobalSection(ProjectConfigurationPlatforms) = postSolution
		{24EF8479-0EB3-4633-A172-9782B30125AC}.Debug|Any CPU.ActiveCfg = Debug|ARM
		{24EF8479-0EB3-4633-A172-9782B30125AC}.Debug|Any CPU.Build.0 = Debug|ARM
		{24EF8479-0EB3-4633-A172-9782B30125AC}.Debug|Any CPU.Deploy.0 = Debug|ARM
		{24EF8479-0EB3-4633-A172-9782B30125AC}.Debug|ARM.ActiveCfg = Debug|ARM
		{24EF8479-0EB3-4633-A172-9782B30125AC}.Debug|ARM.Build.0 = Debug|ARM
		{24EF8479-0EB3-4633-A172-9782B30125AC}.Debug|ARM.Deploy.0 = Debug|ARM
		{24EF8479-0EB3-4633-A172-9782B30125AC}.Debug|x64.ActiveCfg = Debug|x64
		{24EF8479-0EB3-4633-A172-9782B30125AC}.Debug|x64.Build.0 = Debug|x64
		{24EF8479-0EB3-4633-A172-9782B30125AC}.Debug|x64.Deploy.0 = Debug|x64
		{24EF8479-0EB3-4633-A172-9782B30125AC}.Debug|x86.ActiveCfg = Debug|x86
		{24EF8479-0EB3-4633-A172-9782B30125AC}.Debug|x86.Build.0 = Debug|x86
		{24EF8479-0EB3-4633-A172-9782B30125AC}.Debug|x86.Deploy.0 = Debug|x86
		{24EF8479-0EB3-4633-A172-9782B30125AC}.Release|Any CPU.ActiveCfg = Release|ARM
		{24EF8479-0EB3-4633-A172-9782B30125AC}.Release|Any CPU.Build.0 = Release|ARM
		{24EF8479-0EB3-4633-A172-9782B30125AC}.Release|Any CPU.Deploy.0 = Release|ARM
		{24EF8479-0EB3-4633-A172-9782B30125AC}.Release|ARM.ActiveCfg = Release|ARM
		{24EF8479-0EB3-4633-A172-9782B30125AC}.Release|ARM.Build.0 = Release|ARM
		{24EF8479-0EB3-4633-A172-9782B30125AC}.Release|ARM.Deploy.0 = Release|ARM
		{24EF8479-0EB3-4633-A172-9782B30125AC}.Release|x64.ActiveCfg = Release|x64
		{24EF8479-0EB3-4633-A172-9782B30125AC}.Release|x64.Build.0 = Release|x64
		{24EF8479-0EB3-4633-A172-9782B30125AC}.Release|x64.Deploy.0 = Release|x64
		{24EF8479-0EB3-4633-A172-9782B30125AC}.Release|x86.ActiveCfg = Release|x86
		{24EF8479-0EB3-4633-A172-9782B30125AC}.Release|x86.Build.0 = Release|x86
		{24EF8479-0EB3-4633-A172-9782B30125AC}.Release|x86.Deploy.0 = Release|x86
		{B35564B8-40BC-4508-94C2-F49CAAF91CCA}.Debug|Any CPU.ActiveCfg = Debug|Any CPU
		{B35564B8-40BC-4508-94C2-F49CAAF91CCA}.Debug|Any CPU.Build.0 = Debug|Any CPU
		{B35564B8-40BC-4508-94C2-F49CAAF91CCA}.Debug|ARM.ActiveCfg = Debug|Any CPU
		{B35564B8-40BC-4508-94C2-F49CAAF91CCA}.Debug|ARM.Build.0 = Debug|Any CPU
		{B35564B8-40BC-4508-94C2-F49CAAF91CCA}.Debug|x64.ActiveCfg = Debug|x64
		{B35564B8-40BC-4508-94C2-F49CAAF91CCA}.Debug|x64.Build.0 = Debug|x64
		{B35564B8-40BC-4508-94C2-F49CAAF91CCA}.Debug|x86.ActiveCfg = Debug|x86
		{B35564B8-40BC-4508-94C2-F49CAAF91CCA}.Debug|x86.Build.0 = Debug|x86
		{B35564B8-40BC-4508-94C2-F49CAAF91CCA}.Release|Any CPU.ActiveCfg = Release|Any CPU
		{B35564B8-40BC-4508-94C2-F49CAAF91CCA}.Release|Any CPU.Build.0 = Release|Any CPU
		{B35564B8-40BC-4508-94C2-F49CAAF91CCA}.Release|ARM.ActiveCfg = Release|Any CPU
		{B35564B8-40BC-4508-94C2-F49CAAF91CCA}.Release|ARM.Build.0 = Release|Any CPU
		{B35564B8-40BC-4508-94C2-F49CAAF91CCA}.Release|x64.ActiveCfg = Release|x64
		{B35564B8-40BC-4508-94C2-F49CAAF91CCA}.Release|x64.Build.0 = Release|x64
		{B35564B8-40BC-4508-94C2-F49CAAF91CCA}.Release|x86.ActiveCfg = Release|x86
		{B35564B8-40BC-4508-94C2-F49CAAF91CCA}.Release|x86.Build.0 = Release|x86
		{CF7D1842-3B20-4C0E-9FB7-7DBB487E3213}.Debug|Any CPU.ActiveCfg = Debug|ARM
		{CF7D1842-3B20-4C0E-9FB7-7DBB487E3213}.Debug|Any CPU.Build.0 = Debug|ARM
		{CF7D1842-3B20-4C0E-9FB7-7DBB487E3213}.Debug|Any CPU.Deploy.0 = Debug|ARM
		{CF7D1842-3B20-4C0E-9FB7-7DBB487E3213}.Debug|ARM.ActiveCfg = Debug|ARM
		{CF7D1842-3B20-4C0E-9FB7-7DBB487E3213}.Debug|ARM.Build.0 = Debug|ARM
		{CF7D1842-3B20-4C0E-9FB7-7DBB487E3213}.Debug|ARM.Deploy.0 = Debug|ARM
		{CF7D1842-3B20-4C0E-9FB7-7DBB487E3213}.Debug|x64.ActiveCfg = Debug|x64
		{CF7D1842-3B20-4C0E-9FB7-7DBB487E3213}.Debug|x64.Build.0 = Debug|x64
		{CF7D1842-3B20-4C0E-9FB7-7DBB487E3213}.Debug|x64.Deploy.0 = Debug|x64
		{CF7D1842-3B20-4C0E-9FB7-7DBB487E3213}.Debug|x86.ActiveCfg = Debug|x86
		{CF7D1842-3B20-4C0E-9FB7-7DBB487E3213}.Debug|x86.Build.0 = Debug|x86
		{CF7D1842-3B20-4C0E-9FB7-7DBB487E3213}.Debug|x86.Deploy.0 = Debug|x86
		{CF7D1842-3B20-4C0E-9FB7-7DBB487E3213}.Release|Any CPU.ActiveCfg = Release|ARM
		{CF7D1842-3B20-4C0E-9FB7-7DBB487E3213}.Release|Any CPU.Build.0 = Release|ARM
		{CF7D1842-3B20-4C0E-9FB7-7DBB487E3213}.Release|Any CPU.Deploy.0 = Release|ARM
		{CF7D1842-3B20-4C0E-9FB7-7DBB487E3213}.Release|ARM.ActiveCfg = Release|ARM
		{CF7D1842-3B20-4C0E-9FB7-7DBB487E3213}.Release|ARM.Build.0 = Release|ARM
		{CF7D1842-3B20-4C0E-9FB7-7DBB487E3213}.Release|ARM.Deploy.0 = Release|ARM
		{CF7D1842-3B20-4C0E-9FB7-7DBB487E3213}.Release|x64.ActiveCfg = Release|x64
		{CF7D1842-3B20-4C0E-9FB7-7DBB487E3213}.Release|x64.Build.0 = Release|x64
		{CF7D1842-3B20-4C0E-9FB7-7DBB487E3213}.Release|x64.Deploy.0 = Release|x64
		{CF7D1842-3B20-4C0E-9FB7-7DBB487E3213}.Release|x86.ActiveCfg = Release|x86
		{CF7D1842-3B20-4C0E-9FB7-7DBB487E3213}.Release|x86.Build.0 = Release|x86
		{CF7D1842-3B20-4C0E-9FB7-7DBB487E3213}.Release|x86.Deploy.0 = Release|x86
		{E2C6BD09-C3B5-4F4F-A046-FAE7AAD25ED7}.Debug|Any CPU.ActiveCfg = Debug|x86
		{E2C6BD09-C3B5-4F4F-A046-FAE7AAD25ED7}.Debug|ARM.ActiveCfg = Debug|ARM
		{E2C6BD09-C3B5-4F4F-A046-FAE7AAD25ED7}.Debug|ARM.Build.0 = Debug|ARM
		{E2C6BD09-C3B5-4F4F-A046-FAE7AAD25ED7}.Debug|ARM.Deploy.0 = Debug|ARM
		{E2C6BD09-C3B5-4F4F-A046-FAE7AAD25ED7}.Debug|x64.ActiveCfg = Debug|x64
		{E2C6BD09-C3B5-4F4F-A046-FAE7AAD25ED7}.Debug|x64.Build.0 = Debug|x64
		{E2C6BD09-C3B5-4F4F-A046-FAE7AAD25ED7}.Debug|x64.Deploy.0 = Debug|x64
		{E2C6BD09-C3B5-4F4F-A046-FAE7AAD25ED7}.Debug|x86.ActiveCfg = Debug|x86
		{E2C6BD09-C3B5-4F4F-A046-FAE7AAD25ED7}.Debug|x86.Build.0 = Debug|x86
		{E2C6BD09-C3B5-4F4F-A046-FAE7AAD25ED7}.Debug|x86.Deploy.0 = Debug|x86
		{E2C6BD09-C3B5-4F4F-A046-FAE7AAD25ED7}.Release|Any CPU.ActiveCfg = Release|x86
		{E2C6BD09-C3B5-4F4F-A046-FAE7AAD25ED7}.Release|ARM.ActiveCfg = Release|ARM
		{E2C6BD09-C3B5-4F4F-A046-FAE7AAD25ED7}.Release|ARM.Build.0 = Release|ARM
		{E2C6BD09-C3B5-4F4F-A046-FAE7AAD25ED7}.Release|ARM.Deploy.0 = Release|ARM
		{E2C6BD09-C3B5-4F4F-A046-FAE7AAD25ED7}.Release|x64.ActiveCfg = Release|x64
		{E2C6BD09-C3B5-4F4F-A046-FAE7AAD25ED7}.Release|x64.Build.0 = Release|x64
		{E2C6BD09-C3B5-4F4F-A046-FAE7AAD25ED7}.Release|x64.Deploy.0 = Release|x64
		{E2C6BD09-C3B5-4F4F-A046-FAE7AAD25ED7}.Release|x86.ActiveCfg = Release|x86
		{E2C6BD09-C3B5-4F4F-A046-FAE7AAD25ED7}.Release|x86.Build.0 = Release|x86
		{E2C6BD09-C3B5-4F4F-A046-FAE7AAD25ED7}.Release|x86.Deploy.0 = Release|x86
		{FB955343-E15F-432B-8C85-E4472EC2EA63}.Debug|Any CPU.ActiveCfg = Debug|x86
		{FB955343-E15F-432B-8C85-E4472EC2EA63}.Debug|ARM.ActiveCfg = Debug|ARM
		{FB955343-E15F-432B-8C85-E4472EC2EA63}.Debug|ARM.Build.0 = Debug|ARM
		{FB955343-E15F-432B-8C85-E4472EC2EA63}.Debug|ARM.Deploy.0 = Debug|ARM
		{FB955343-E15F-432B-8C85-E4472EC2EA63}.Debug|x64.ActiveCfg = Debug|x64
		{FB955343-E15F-432B-8C85-E4472EC2EA63}.Debug|x64.Build.0 = Debug|x64
		{FB955343-E15F-432B-8C85-E4472EC2EA63}.Debug|x64.Deploy.0 = Debug|x64
		{FB955343-E15F-432B-8C85-E4472EC2EA63}.Debug|x86.ActiveCfg = Debug|x86
		{FB955343-E15F-432B-8C85-E4472EC2EA63}.Debug|x86.Build.0 = Debug|x86
		{FB955343-E15F-432B-8C85-E4472EC2EA63}.Debug|x86.Deploy.0 = Debug|x86
		{FB955343-E15F-432B-8C85-E4472EC2EA63}.Release|Any CPU.ActiveCfg = Release|x86
		{FB955343-E15F-432B-8C85-E4472EC2EA63}.Release|ARM.ActiveCfg = Release|ARM
		{FB955343-E15F-432B-8C85-E4472EC2EA63}.Release|ARM.Build.0 = Release|ARM
		{FB955343-E15F-432B-8C85-E4472EC2EA63}.Release|ARM.Deploy.0 = Release|ARM
		{FB955343-E15F-432B-8C85-E4472EC2EA63}.Release|x64.ActiveCfg = Release|x64
		{FB955343-E15F-432B-8C85-E4472EC2EA63}.Release|x64.Build.0 = Release|x64
		{FB955343-E15F-432B-8C85-E4472EC2EA63}.Release|x64.Deploy.0 = Release|x64
		{FB955343-E15F-432B-8C85-E4472EC2EA63}.Release|x86.ActiveCfg = Release|x86
		{FB955343-E15F-432B-8C85-E4472EC2EA63}.Release|x86.Build.0 = Release|x86
		{FB955343-E15F-432B-8C85-E4472EC2EA63}.Release|x86.Deploy.0 = Release|x86
	EndGlobalSection
	GlobalSection(SolutionProperties) = preSolution
		HideSolutionNode = FALSE
	EndGlobalSection
EndGlobal
